
Microsoft Visual Studio Solution File, Format Version 12.00
# Visual Studio Version 16
VisualStudioVersion = 16.0.31019.35
MinimumVisualStudioVersion = 10.0.40219.1
Project("{FAE04EC0-301F-11D3-BF4B-00C04F79EFBC}") = "NetCoreEFDepartamentos", "NetCoreEFDepartamentos\NetCoreEFDepartamentos.csproj", "{D6ECAFE4-40D5-4039-9B91-F970DD3E1E8F}"
EndProject
Global
	GlobalSection(SolutionConfigurationPlatforms) = preSolution
		Debug|Any CPU = Debug|Any CPU
		Release|Any CPU = Release|Any CPU
	EndGlobalSection
	GlobalSection(ProjectConfigurationPlatforms) = postSolution
		{D6ECAFE4-40D5-4039-9B91-F970DD3E1E8F}.Debug|Any CPU.ActiveCfg = Debug|Any CPU
		{D6ECAFE4-40D5-4039-9B91-F970DD3E1E8F}.Debug|Any CPU.Build.0 = Debug|Any CPU
		{D6ECAFE4-40D5-4039-9B91-F970DD3E1E8F}.Release|Any CPU.ActiveCfg = Release|Any CPU
		{D6ECAFE4-40D5-4039-9B91-F970DD3E1E8F}.Release|Any CPU.Build.0 = Release|Any CPU
	EndGlobalSection
	GlobalSection(SolutionProperties) = preSolution
		HideSolutionNode = FALSE
	EndGlobalSection
	GlobalSection(ExtensibilityGlobals) = postSolution
		SolutionGuid = {62715682-181C-4387-9571-0D7A1E92456F}
	EndGlobalSection
EndGlobal
